PODS:
  - Alamofire (4.8.2)
  - DeepDiff (2.2.0)
  - InstantMock (2.5.1)
  - OHHTTPStubs (8.0.0):
    - OHHTTPStubs/Default (= 8.0.0)
  - OHHTTPStubs/Core (8.0.0)
  - OHHTTPStubs/Default (8.0.0):
    - OHHTTPStubs/Core
    - OHHTTPStubs/JSON
    - OHHTTPStubs/NSURLSession
    - OHHTTPStubs/OHPathHelpers
  - OHHTTPStubs/JSON (8.0.0):
    - OHHTTPStubs/Core
  - OHHTTPStubs/NSURLSession (8.0.0):
    - OHHTTPStubs/Core
  - OHHTTPStubs/OHPathHelpers (8.0.0)
  - RxCocoa (5.0.0):
    - RxRelay (~> 5)
    - RxSwift (~> 5)
  - RxRelay (5.0.0):
    - RxSwift (~> 5)
  - RxSwift (5.0.0)

DEPENDENCIES:
  - Alamofire (~> 4.8.1)
  - DeepDiff (~> 2.2.0)
  - InstantMock (~> 2.5.1)
  - OHHTTPStubs (~> 8.0.0)
  - RxCocoa (~> 5)
  - RxSwift (~> 5)

SPEC REPOS:
  https://github.com/cocoapods/specs.git:
    - Alamofire
    - DeepDiff
    - InstantMock
    - OHHTTPStubs
    - RxCocoa
    - RxRelay
    - RxSwift

SPEC CHECKSUMS:
  Alamofire: ae5c501addb7afdbb13687d7f2f722c78734c2d3
  DeepDiff: e329bc46dd14ca788d8ec08d34420799ba1d77f2
  InstantMock: db6a8a973f2dc4d85996930cc214078200083fb0
  OHHTTPStubs: 9cbce6364bec557cc3439aa6bb7514670d780881
  RxCocoa: fcf32050ac00d801f34a7f71d5e8e7f23026dcd8
  RxRelay: 4f7409406a51a55cd88483f21ed898c234d60f18
  RxSwift: 8b0671caa829a763bbce7271095859121cbd895f

PODFILE CHECKSUM: b776ae9b7b3170fac97fbd0fd9423c71d7797ea0

COCOAPODS: 1.7.3
